// !$*UTF8*$!
{
	archiveVersion = 1;
	classes = {
	};
	objectVersion = 50;
	objects = {

/* Begin PBXBuildFile section */
		737B90F025C04B58004B4019 /* AppDelegate.swift in Sources */ = {isa = PBXBuildFile; fileRef = 737B90EF25C04B58004B4019 /* AppDelegate.swift */; };
		737B90F225C04B58004B4019 /* SceneDelegate.swift in Sources */ = {isa = PBXBuildFile; fileRef = 737B90F125C04B58004B4019 /* SceneDelegate.swift */; };
		737B90F425C04B58004B4019 /* ViewController.swift in Sources */ = {isa = PBXBuildFile; fileRef = 737B90F325C04B58004B4019 /* ViewController.swift */; };
		737B90F725C04B58004B4019 /* Main.storyboard in Resources */ = {isa = PBXBuildFile; fileRef = 737B90F525C04B58004B4019 /* Main.storyboard */; };
		737B90F925C04B5E004B4019 /* Assets.xcassets in Resources */ = {isa = PBXBuildFile; fileRef = 737B90F825C04B5E004B4019 /* Assets.xcassets */; };
		737B90FC25C04B5E004B4019 /* LaunchScreen.storyboard in Resources */ = {isa = PBXBuildFile; fileRef = 737B90FA25C04B5E004B4019 /* LaunchScreen.storyboard */; };
/* End PBXBuildFile section */

/* Begin PBXFileReference section */
		737B90EC25C04B58004B4019 /* BTC_USD.app */ = {isa = PBXFileReference; explicitFileType = wrapper.application; includeInIndex = 0; path = BTC_USD.app; sourceTree = BUILT_PRODUCTS_DIR; };
		737B90EF25C04B58004B4019 /* AppDelegate.swift */ = {isa = PBXFileReference; lastKnownFileType = sourcecode.swift; path = AppDelegate.swift; sourceTree = "<group>"; };
		737B90F125C04B58004B4019 /* SceneDelegate.swift */ = {isa = PBXFileReference; lastKnownFileType = sourcecode.swift; path = SceneDelegate.swift; sourceTree = "<group>"; };
		737B90F325C04B58004B4019 /* ViewController.swift */ = {isa = PBXFileReference; lastKnownFileType = sourcecode.swift; path = ViewController.swift; sourceTree = "<group>"; };
		737B90F625C04B58004B4019 /* Base */ = {isa = PBXFileReference; lastKnownFileType = file.storyboard; name = Base; path = Base.lproj/Main.storyboard; sourceTree = "<group>"; };
		737B90F825C04B5E004B4019 /* Assets.xcassets */ = {isa = PBXFileReference; lastKnownFileType = folder.assetcatalog; path = Assets.xcassets; sourceTree = "<group>"; };
		737B90FB25C04B5E004B4019 /* Base */ = {isa = PBXFileReference; lastKnownFileType = file.storyboard; name = Base; path = Base.lproj/LaunchScreen.storyboard; sourceTree = "<group>"; };
		737B90FD25C04B5E004B4019 /* Info.plist */ = {isa = PBXFileReference; lastKnownFileType = text.plist.xml; path = Info.plist; sourceTree = "<group>"; };
/* End PBXFileReference section */

/* Begin PBXFrameworksBuildPhase section */
		737B90E925C04B58004B4019 /* Frameworks */ = {
			isa = PBXFrameworksBuildPhase;
			buildActionMask = 2147483647;
			files = (
			);
			runOnlyForDeploymentPostprocessing = 0;
		};
/* End PBXFrameworksBuildPhase section */

/* Begin PBXGroup section */
		737B90E325C04B58004B4019 = {
			isa = PBXGroup;
			children = (
				737B90EE25C04B58004B4019 /* BTC_USD */,
				737B90ED25C04B58004B4019 /* Products */,
			);
			sourceTree = "<group>";
		};
		737B90ED25C04B58004B4019 /* Products */ = {
			isa = PBXGroup;
			children = (
				737B90EC25C04B58004B4019 /* BTC_USD.app */,
			);
			name = Products;
			sourceTree = "<group>";
		};
		737B90EE25C04B58004B4019 /* BTC_USD */ = {
			isa = PBXGroup;
			children = (
				737B90EF25C04B58004B4019 /* AppDelegate.swift */,
				737B90F125C04B58004B4019 /* SceneDelegate.swift */,
				737B90F325C04B58004B4019 /* ViewController.swift */,
				737B90F525C04B58004B4019 /* Main.storyboard */,
				737B90F825C04B5E004B4019 /* Assets.xcassets */,
				737B90FA25C04B5E004B4019 /* LaunchScreen.storyboard */,
				737B90FD25C04B5E004B4019 /* Info.plist */,
			);
			path = BTC_USD;
			sourceTree = "<group>";
		};
/* End PBXGroup section */

/* Begin PBXNativeTarget section */
		737B90EB25C04B58004B4019 /* BTC_USD */ = {
			isa = PBXNativeTarget;
			buildConfigurationList = 737B910025C04B5E004B4019 /* Build configuration list for PBXNativeTarget "BTC_USD" */;
			buildPhases = (
				737B90E825C04B58004B4019 /* Sources */,
				737B90E925C04B58004B4019 /* Frameworks */,
				737B90EA25C04B58004B4019 /* Resources */,
			);
			buildRules = (
			);
			dependencies = (
			);
			name = BTC_USD;
			productName = BTC_USD;
			productReference = 737B90EC25C04B58004B4019 /* BTC_USD.app */;
			productType = "com.apple.product-type.application";
		};
/* End PBXNativeTarget section */

/* Begin PBXProject section */
		737B90E425C04B58004B4019 /* Project object */ = {
			isa = PBXProject;
			attributes = {
				LastSwiftUpdateCheck = 1130;
				LastUpgradeCheck = 1130;
				ORGANIZATIONNAME = Eric;
				TargetAttributes = {
					737B90EB25C04B58004B4019 = {
						CreatedOnToolsVersion = 11.3.1;
					};
				};
			};
			buildConfigurationList = 737B90E725C04B58004B4019 /* Build configuration list for PBXProject "BTC_USD" */;
			compatibilityVersion = "Xcode 9.3";
			developmentRegion = en;
			hasScannedForEncodings = 0;
			knownRegions = (
				en,
				Base,
			);
			mainGroup = 737B90E325C04B58004B4019;
			productRefGroup = 737B90ED25C04B58004B4019 /* Products */;
			projectDirPath = "";
			projectRoot = "";
			targets = (
				737B90EB25C04B58004B4019 /* BTC_USD */,
			);
		};
/* End PBXProject section */

/* Begin PBXResourcesBuildPhase section */
		737B90EA25C04B58004B4019 /* Resources */ = {
			isa = PBXResourcesBuildPhase;
			buildActionMask = 2147483647;
			files = (
				737B90FC25C04B5E004B4019 /* LaunchScreen.storyboard in Resources */,
				737B90F925C04B5E004B4019 /* Assets.xcassets in Resources */,
				737B90F725C04B58004B4019 /* Main.storyboard in Resources */,
			);
			runOnlyForDeploymentPostprocessing = 0;
		};
/* End PBXResourcesBuildPhase section */

/* Begin PBXSourcesBuildPhase section */
		737B90E825C04B58004B4019 /* Sources */ = {
			isa = PBXSourcesBuildPhase;
			buildActionMask = 2147483647;
			files = (
				737B90F425C04B58004B4019 /* ViewController.swift in Sources */,
				737B90F025C04B58004B4019 /* AppDelegate.swift in Sources */,
				737B90F225C04B58004B4019 /* SceneDelegate.swift in Sources */,
			);
			runOnlyForDeploymentPostprocessing = 0;
		};
/* End PBXSourcesBuildPhase section */

/* Begin PBXVariantGroup section */
		737B90F525C04B58004B4019 /* Main.storyboard */ = {
			isa = PBXVariantGroup;
			children = (
				737B90F625C04B58004B4019 /* Base */,
			);
			name = Main.storyboard;
			sourceTree = "<group>";
		};
		737B90FA25C04B5E004B4019 /* LaunchScreen.storyboard */ = {
			isa = PBXVariantGroup;
			children = (
				737B90FB25C04B5E004B4019 /* Base */,
			);
			name = LaunchScreen.storyboard;
			sourceTree = "<group>";
		};
/* End PBXVariantGroup section */

/* Begin XCBuildConfiguration section */
		737B90FE25C04B5E004B4019 /* Debug */ = {
			isa = XCBuildConfiguration;
			buildSettings = {
				ALWAYS_SEARCH_USER_PATHS = NO;
				CLANG_ANALYZER_NONNULL = YES;
				CLANG_ANALYZER_NUMBER_OBJECT_CONVERSION = YES_AGGRESSIVE;
				CLANG_CXX_LANGUAGE_STANDARD = "gnu++14";
				CLANG_CXX_LIBRARY = "libc++";
				CLANG_ENABLE_MODULES = YES;
				CLANG_ENABLE_OBJC_ARC = YES;
				CLANG_ENABLE_OBJC_WEAK = YES;
				CLANG_WARN_BLOCK_CAPTURE_AUTORELEASING = YES;
				CLANG_WARN_BOOL_CONVERSION = YES;
				CLANG_WARN_COMMA = YES;
				CLANG_WARN_CONSTANT_CONVERSION = YES;
				CLANG_WARN_DEPRECATED_OBJC_IMPLEMENTATIONS = YES;
				CLANG_WARN_DIRECT_OBJC_ISA_USAGE = YES_ERROR;
				CLANG_WARN_DOCUMENTATION_COMMENTS = YES;
				CLANG_WARN_EMPTY_BODY = YES;
				CLANG_WARN_ENUM_CONVERSION = YES;
				CLANG_WARN_INFINITE_RECURSION = YES;
				CLANG_WARN_INT_CONVERSION = YES;
				CLANG_WARN_NON_LITERAL_NULL_CONVERSION = YES;
				CLANG_WARN_OBJC_IMPLICIT_RETAIN_SELF = YES;
				CLANG_WARN_OBJC_LITERAL_CONVERSION = YES;
				CLANG_WARN_OBJC_ROOT_CLASS = YES_ERROR;
				CLANG_WARN_RANGE_LOOP_ANALYSIS = YES;
				CLANG_WARN_STRICT_PROTOTYPES = YES;
				CLANG_WARN_SUSPICIOUS_MOVE = YES;
				CLANG_WARN_UNGUARDED_AVAILABILITY = YES_AGGRESSIVE;
				CLANG_WARN_UNREACHABLE_CODE = YES;
				CLANG_WARN__DUPLICATE_METHOD_MATCH = YES;
				COPY_PHASE_STRIP = NO;
				DEBUG_INFORMATION_FORMAT = dwarf;
				ENABLE_STRICT_OBJC_MSGSEND = YES;
				ENABLE_TESTABILITY = YES;
				GCC_C_LANGUAGE_STANDARD = gnu11;
				GCC_DYNAMIC_NO_PIC = NO;
				GCC_NO_COMMON_BLOCKS = YES;
				GCC_OPTIMIZATION_LEVEL = 0;
				GCC_PREPROCESSOR_DEFINITIONS = (
					"DEBUG=1",
					"$(inherited)",
				);
				GCC_WARN_64_TO_32_BIT_CONVERSION = YES;
				GCC_WARN_ABOUT_RETURN_TYPE = YES_ERROR;
				GCC_WARN_UNDECLARED_SELECTOR = YES;
				GCC_WARN_UNINITIALIZED_AUTOS = YES_AGGRESSIVE;
				GCC_WARN_UNUSED_FUNCTION = YES;
				GCC_WARN_UNUSED_VARIABLE = YES;
				IPHONEOS_DEPLOYMENT_TARGET = 13.2;
				MTL_ENABLE_DEBUG_INFO = INCLUDE_SOURCE;
				MTL_FAST_MATH = YES;
				ONLY_ACTIVE_ARCH = YES;
				SDKROOT = iphoneos;
				SWIFT_ACTIVE_COMPILATION_CONDITIONS = DEBUG;
				SWIFT_OPTIMIZATION_LEVEL = "-Onone";
			};
			name = Debug;
		};
		737B90FF25C04B5E004B4019 /* Release */ = {
			isa = XCBuildConfiguration;
			buildSettings = {
				ALWAYS_SEARCH_USER_PATHS = NO;
				CLANG_ANALYZER_NONNULL = YES;
				CLANG_ANALYZER_NUMBER_OBJECT_CONVERSION = YES_AGGRESSIVE;
				CLANG_CXX_LANGUAGE_STANDARD = "gnu++14";
				CLANG_CXX_LIBRARY = "libc++";
				CLANG_ENABLE_MODULES = YES;
				CLANG_ENABLE_OBJC_ARC = YES;
				CLANG_ENABLE_OBJC_WEAK = YES;
				CLANG_WARN_BLOCK_CAPTURE_AUTORELEASING = YES;
				CLANG_WARN_BOOL_CONVERSION = YES;
				CLANG_WARN_COMMA = YES;
				CLANG_WARN_CONSTANT_CONVERSION = YES;
				CLANG_WARN_DEPRECATED_OBJC_IMPLEMENTATIONS = YES;
				CLANG_WARN_DIRECT_OBJC_ISA_USAGE = YES_ERROR;
				CLANG_WARN_DOCUMENTATION_COMMENTS = YES;
				CLANG_WARN_EMPTY_BODY = YES;
				CLANG_WARN_ENUM_CONVERSION = YES;
				CLANG_WARN_INFINITE_RECURSION = YES;
				CLANG_WARN_INT_CONVERSION = YES;
				CLANG_WARN_NON_LITERAL_NULL_CONVERSION = YES;
				CLANG_WARN_OBJC_IMPLICIT_RETAIN_SELF = YES;
				CLANG_WARN_OBJC_LITERAL_CONVERSION = YES;
				CLANG_WARN_OBJC_ROOT_CLASS = YES_ERROR;
				CLANG_WARN_RANGE_LOOP_ANALYSIS = YES;
				CLANG_WARN_STRICT_PROTOTYPES = YES;
				CLANG_WARN_SUSPICIOUS_MOVE = YES;
				CLANG_WARN_UNGUARDED_AVAILABILITY = YES_AGGRESSIVE;
				CLANG_WARN_UNREACHABLE_CODE = YES;
				CLANG_WARN__DUPLICATE_METHOD_MATCH = YES;
				COPY_PHASE_STRIP = NO;
				DEBUG_INFORMATION_FORMAT = "dwarf-with-dsym";
				ENABLE_NS_ASSERTIONS = NO;
				ENABLE_STRICT_OBJC_MSGSEND = YES;
				GCC_C_LANGUAGE_STANDARD = gnu11;
				GCC_NO_COMMON_BLOCKS = YES;
				GCC_WARN_64_TO_32_BIT_CONVERSION = YES;
				GCC_WARN_ABOUT_RETURN_TYPE = YES_ERROR;
				GCC_WARN_UNDECLARED_SELECTOR = YES;
				GCC_WARN_UNINITIALIZED_AUTOS = YES_AGGRESSIVE;
				GCC_WARN_UNUSED_FUNCTION = YES;
				GCC_WARN_UNUSED_VARIABLE = YES;
				IPHONEOS_DEPLOYMENT_TARGET = 13.2;
				MTL_ENABLE_DEBUG_INFO = NO;
				MTL_FAST_MATH = YES;
				SDKROOT = iphoneos;
				SWIFT_COMPILATION_MODE = wholemodule;
				SWIFT_OPTIMIZATION_LEVEL = "-O";
				VALIDATE_PRODUCT = YES;
			};
			name = Release;
		};
		737B910125C04B5E004B4019 /* Debug */ = {
			isa = XCBuildConfiguration;
			buildSettings = {
				ASSETCATALOG_COMPILER_APPICON_NAME = AppIcon;
				CODE_SIGN_STYLE = Automatic;
				DEVELOPMENT_TEAM = XK6M9K7TZD;
				INFOPLIST_FILE = BTC_USD/Info.plist;
				LD_RUNPATH_SEARCH_PATHS = (
					"$(inherited)",
					"@executable_path/Frameworks",
				);
				PRODUCT_BUNDLE_IDENTIFIER = "sevenlabs.BTC-USD";
				PRODUCT_NAME = "$(TARGET_NAME)";
				SWIFT_VERSION = 5.0;
				TARGETED_DEVICE_FAMILY = "1,2";
			};
			name = Debug;
		};
		737B910225C04B5E004B4019 /* Release */ = {
			isa = XCBuildConfiguration;
			buildSettings = {
				ASSETCATALOG_COMPILER_APPICON_NAME = AppIcon;
				CODE_SIGN_STYLE = Automatic;
				DEVELOPMENT_TEAM = XK6M9K7TZD;
				INFOPLIST_FILE = BTC_USD/Info.plist;
				LD_RUNPATH_SEARCH_PATHS = (
					"$(inherited)",
					"@executable_path/Frameworks",
				);
				PRODUCT_BUNDLE_IDENTIFIER = "sevenlabs.BTC-USD";
				PRODUCT_NAME = "$(TARGET_NAME)";
				SWIFT_VERSION = 5.0;
				TARGETED_DEVICE_FAMILY = "1,2";
			};
			name = Release;
		};
/* End XCBuildConfiguration section */

/* Begin XCConfigurationList section */
		737B90E725C04B58004B4019 /* Build configuration list for PBXProject "BTC_USD" */ = {
			isa = XCConfigurationList;
			buildConfigurations = (
				737B90FE25C04B5E004B4019 /* Debug */,
				737B90FF25C04B5E004B4019 /* Release */,
			);
			defaultConfigurationIsVisible = 0;
			defaultConfigurationName = Release;
		};
		737B910025C04B5E004B4019 /* Build configuration list for PBXNativeTarget "BTC_USD" */ = {
			isa = XCConfigurationList;
			buildConfigurations = (
				737B910125C04B5E004B4019 /* Debug */,
				737B910225C04B5E004B4019 /* Release */,
			);
			defaultConfigurationIsVisible = 0;
			defaultConfigurationName = Release;
		};
/* End XCConfigurationList section */
	};
	rootObject = 737B90E425C04B58004B4019 /* Project object */;
}
